
Microsoft Visual Studio Solution File, Format Version 12.00
# Visual Studio Version 17
VisualStudioVersion = 17.0.31919.166
MinimumVisualStudioVersion = 10.0.40219.1
Project("{9A19103F-16F7-4668-BE54-9A1E7A4F7556}") = "CompareWordsLenght", "CompareWordsLenght\CompareWordsLenght.csproj", "{B8BC99F7-A33A-48E0-BAC7-E1CA6EBA5A8D}"
EndProject
Project("{FAE04EC0-301F-11D3-BF4B-00C04F79EFBC}") = "CompareWordsLenght.Test", "CompareWordsLenght.Test\CompareWordsLenght.Test.csproj", "{A2BA9DBD-C4E4-4FCC-8383-5BFCF5654125}"
EndProject
Global
	GlobalSection(SolutionConfigurationPlatforms) = preSolution
		Debug|Any CPU = Debug|Any CPU
		Release|Any CPU = Release|Any CPU
	EndGlobalSection
	GlobalSection(ProjectConfigurationPlatforms) = postSolution
		{B8BC99F7-A33A-48E0-BAC7-E1CA6EBA5A8D}.Debug|Any CPU.ActiveCfg = Debug|Any CPU
		{B8BC99F7-A33A-48E0-BAC7-E1CA6EBA5A8D}.Debug|Any CPU.Build.0 = Debug|Any CPU
		{B8BC99F7-A33A-48E0-BAC7-E1CA6EBA5A8D}.Release|Any CPU.ActiveCfg = Release|Any CPU
		{B8BC99F7-A33A-48E0-BAC7-E1CA6EBA5A8D}.Release|Any CPU.Build.0 = Release|Any CPU
		{A2BA9DBD-C4E4-4FCC-8383-5BFCF5654125}.Debug|Any CPU.ActiveCfg = Debug|Any CPU
		{A2BA9DBD-C4E4-4FCC-8383-5BFCF5654125}.Debug|Any CPU.Build.0 = Debug|Any CPU
		{A2BA9DBD-C4E4-4FCC-8383-5BFCF5654125}.Release|Any CPU.ActiveCfg = Release|Any CPU
		{A2BA9DBD-C4E4-4FCC-8383-5BFCF5654125}.Release|Any CPU.Build.0 = Release|Any CPU
	EndGlobalSection
	GlobalSection(SolutionProperties) = preSolution
		HideSolutionNode = FALSE
	EndGlobalSection
	GlobalSection(ExtensibilityGlobals) = postSolution
		SolutionGuid = {B969C5DF-F0F4-4EE2-831D-05F6CD687FAD}
	EndGlobalSection
EndGlobal
